// !$*UTF8*$!
{
	archiveVersion = 1;
	classes = {
	};
	objectVersion = 50;
	objects = {

/* Begin PBXBuildFile section */
		502993B6245ED35000ABB068 /* ViewController.swift in Sources */ = {isa = PBXBuildFile; fileRef = 502993B5245ED35000ABB068 /* ViewController.swift */; };
		502993B9245ED35000ABB068 /* Main.storyboard in Resources */ = {isa = PBXBuildFile; fileRef = 502993B7245ED35000ABB068 /* Main.storyboard */; };
		502993BB245ED35500ABB068 /* Assets.xcassets in Resources */ = {isa = PBXBuildFile; fileRef = 502993BA245ED35500ABB068 /* Assets.xcassets */; };
		502993BE245ED35500ABB068 /* LaunchScreen.storyboard in Resources */ = {isa = PBXBuildFile; fileRef = 502993BC245ED35500ABB068 /* LaunchScreen.storyboard */; };
		502993C9245ED37800ABB068 /* AppDelegate.swift in Sources */ = {isa = PBXBuildFile; fileRef = 502993C7245ED37800ABB068 /* AppDelegate.swift */; };
		502993CA245ED37800ABB068 /* SceneDelegate.swift in Sources */ = {isa = PBXBuildFile; fileRef = 502993C8245ED37800ABB068 /* SceneDelegate.swift */; };
		50359A80245FC8BF00F48836 /* ServiceInteractionHandler.swift in Sources */ = {isa = PBXBuildFile; fileRef = 50359A7F245FC8BF00F48836 /* ServiceInteractionHandler.swift */; };
		50359A82245FC8F000F48836 /* NetworkReachability.swift in Sources */ = {isa = PBXBuildFile; fileRef = 50359A81245FC8F000F48836 /* NetworkReachability.swift */; };
		50359A84245FC92B00F48836 /* ActivityIndicator.swift in Sources */ = {isa = PBXBuildFile; fileRef = 50359A83245FC92B00F48836 /* ActivityIndicator.swift */; };
		50359A86245FC96300F48836 /* Constants.swift in Sources */ = {isa = PBXBuildFile; fileRef = 50359A85245FC96300F48836 /* Constants.swift */; };
		50359A89245FF59400F48836 /* PostModel.swift in Sources */ = {isa = PBXBuildFile; fileRef = 50359A88245FF59400F48836 /* PostModel.swift */; };
		50359A8B245FF59F00F48836 /* GetModel.swift in Sources */ = {isa = PBXBuildFile; fileRef = 50359A8A245FF59F00F48836 /* GetModel.swift */; };
		50359A8D245FF63400F48836 /* PutModel.swift in Sources */ = {isa = PBXBuildFile; fileRef = 50359A8C245FF63400F48836 /* PutModel.swift */; };
		50359A8F245FF98B00F48836 /* DeleteModel.swift in Sources */ = {isa = PBXBuildFile; fileRef = 50359A8E245FF98B00F48836 /* DeleteModel.swift */; };
		504A8659245EDB65000F720B /* Toast.swift in Sources */ = {isa = PBXBuildFile; fileRef = 504A8658245EDB65000F720B /* Toast.swift */; };
		50573CC22460594800EC718E /* ServiceInteractionHandler+Extended.swift in Sources */ = {isa = PBXBuildFile; fileRef = 50573CC12460594800EC718E /* ServiceInteractionHandler+Extended.swift */; };
/* End PBXBuildFile section */

/* Begin PBXFileReference section */
		502993AE245ED35000ABB068 /* API Master.app */ = {isa = PBXFileReference; explicitFileType = wrapper.application; includeInIndex = 0; path = "API Master.app"; sourceTree = BUILT_PRODUCTS_DIR; };
		502993B5245ED35000ABB068 /* ViewController.swift */ = {isa = PBXFileReference; lastKnownFileType = sourcecode.swift; path = ViewController.swift; sourceTree = "<group>"; };
		502993B8245ED35000ABB068 /* Base */ = {isa = PBXFileReference; lastKnownFileType = file.storyboard; name = Base; path = Base.lproj/Main.storyboard; sourceTree = "<group>"; };
		502993BA245ED35500ABB068 /* Assets.xcassets */ = {isa = PBXFileReference; lastKnownFileType = folder.assetcatalog; path = Assets.xcassets; sourceTree = "<group>"; };
		502993BD245ED35500ABB068 /* Base */ = {isa = PBXFileReference; lastKnownFileType = file.storyboard; name = Base; path = Base.lproj/LaunchScreen.storyboard; sourceTree = "<group>"; };
		502993BF245ED35500ABB068 /* Info.plist */ = {isa = PBXFileReference; lastKnownFileType = text.plist.xml; path = Info.plist; sourceTree = "<group>"; };
		502993C7245ED37800ABB068 /* AppDelegate.swift */ = {isa = PBXFileReference; fileEncoding = 4; lastKnownFileType = sourcecode.swift; path = AppDelegate.swift; sourceTree = "<group>"; };
		502993C8245ED37800ABB068 /* SceneDelegate.swift */ = {isa = PBXFileReference; fileEncoding = 4; lastKnownFileType = sourcecode.swift; path = SceneDelegate.swift; sourceTree = "<group>"; };
		50359A7F245FC8BF00F48836 /* ServiceInteractionHandler.swift */ = {isa = PBXFileReference; lastKnownFileType = sourcecode.swift; path = ServiceInteractionHandler.swift; sourceTree = "<group>"; };
		50359A81245FC8F000F48836 /* NetworkReachability.swift */ = {isa = PBXFileReference; lastKnownFileType = sourcecode.swift; path = NetworkReachability.swift; sourceTree = "<group>"; };
		50359A83245FC92B00F48836 /* ActivityIndicator.swift */ = {isa = PBXFileReference; lastKnownFileType = sourcecode.swift; path = ActivityIndicator.swift; sourceTree = "<group>"; };
		50359A85245FC96300F48836 /* Constants.swift */ = {isa = PBXFileReference; lastKnownFileType = sourcecode.swift; path = Constants.swift; sourceTree = "<group>"; };
		50359A88245FF59400F48836 /* PostModel.swift */ = {isa = PBXFileReference; lastKnownFileType = sourcecode.swift; path = PostModel.swift; sourceTree = "<group>"; };
		50359A8A245FF59F00F48836 /* GetModel.swift */ = {isa = PBXFileReference; lastKnownFileType = sourcecode.swift; path = GetModel.swift; sourceTree = "<group>"; };
		50359A8C245FF63400F48836 /* PutModel.swift */ = {isa = PBXFileReference; lastKnownFileType = sourcecode.swift; path = PutModel.swift; sourceTree = "<group>"; };
		50359A8E245FF98B00F48836 /* DeleteModel.swift */ = {isa = PBXFileReference; lastKnownFileType = sourcecode.swift; path = DeleteModel.swift; sourceTree = "<group>"; };
		504A8658245EDB65000F720B /* Toast.swift */ = {isa = PBXFileReference; fileEncoding = 4; lastKnownFileType = sourcecode.swift; path = Toast.swift; sourceTree = "<group>"; };
		50573CC12460594800EC718E /* ServiceInteractionHandler+Extended.swift */ = {isa = PBXFileReference; lastKnownFileType = sourcecode.swift; path = "ServiceInteractionHandler+Extended.swift"; sourceTree = "<group>"; };
/* End PBXFileReference section */

/* Begin PBXFrameworksBuildPhase section */
		502993AB245ED35000ABB068 /* Frameworks */ = {
			isa = PBXFrameworksBuildPhase;
			buildActionMask = 2147483647;
			files = (
			);
			runOnlyForDeploymentPostprocessing = 0;
		};
/* End PBXFrameworksBuildPhase section */

/* Begin PBXGroup section */
		502993A5245ED35000ABB068 = {
			isa = PBXGroup;
			children = (
				502993B0245ED35000ABB068 /* API Master */,
				502993AF245ED35000ABB068 /* Products */,
			);
			sourceTree = "<group>";
		};
		502993AF245ED35000ABB068 /* Products */ = {
			isa = PBXGroup;
			children = (
				502993AE245ED35000ABB068 /* API Master.app */,
			);
			name = Products;
			sourceTree = "<group>";
		};
		502993B0245ED35000ABB068 /* API Master */ = {
			isa = PBXGroup;
			children = (
				502993CE245ED3C000ABB068 /* Helpers */,
				502993CD245ED3B700ABB068 /* Handler */,
				502993C6245ED37800ABB068 /* Delegates */,
				502993CB245ED39000ABB068 /* View Controller */,
				502993CC245ED3A600ABB068 /* Resources */,
				502993BF245ED35500ABB068 /* Info.plist */,
				50359A85245FC96300F48836 /* Constants.swift */,
			);
			path = "API Master";
			sourceTree = "<group>";
		};
		502993C6245ED37800ABB068 /* Delegates */ = {
			isa = PBXGroup;
			children = (
				502993C7245ED37800ABB068 /* AppDelegate.swift */,
				502993C8245ED37800ABB068 /* SceneDelegate.swift */,
			);
			path = Delegates;
			sourceTree = "<group>";
		};
		502993CB245ED39000ABB068 /* View Controller */ = {
			isa = PBXGroup;
			children = (
				50359A87245FF58300F48836 /* Model */,
				502993B5245ED35000ABB068 /* ViewController.swift */,
				502993B7245ED35000ABB068 /* Main.storyboard */,
			);
			path = "View Controller";
			sourceTree = "<group>";
		};
		502993CC245ED3A600ABB068 /* Resources */ = {
			isa = PBXGroup;
			children = (
				502993BA245ED35500ABB068 /* Assets.xcassets */,
				502993BC245ED35500ABB068 /* LaunchScreen.storyboard */,
			);
			path = Resources;
			sourceTree = "<group>";
		};
		502993CD245ED3B700ABB068 /* Handler */ = {
			isa = PBXGroup;
			children = (
				50359A7F245FC8BF00F48836 /* ServiceInteractionHandler.swift */,
				50573CC12460594800EC718E /* ServiceInteractionHandler+Extended.swift */,
			);
			path = Handler;
			sourceTree = "<group>";
		};
		502993CE245ED3C000ABB068 /* Helpers */ = {
			isa = PBXGroup;
			children = (
				504A8658245EDB65000F720B /* Toast.swift */,
				50359A81245FC8F000F48836 /* NetworkReachability.swift */,
				50359A83245FC92B00F48836 /* ActivityIndicator.swift */,
			);
			path = Helpers;
			sourceTree = "<group>";
		};
		50359A87245FF58300F48836 /* Model */ = {
			isa = PBXGroup;
			children = (
				50359A88245FF59400F48836 /* PostModel.swift */,
				50359A8A245FF59F00F48836 /* GetModel.swift */,
				50359A8C245FF63400F48836 /* PutModel.swift */,
				50359A8E245FF98B00F48836 /* DeleteModel.swift */,
			);
			path = Model;
			sourceTree = "<group>";
		};
/* End PBXGroup section */

/* Begin PBXNativeTarget section */
		502993AD245ED35000ABB068 /* API Master */ = {
			isa = PBXNativeTarget;
			buildConfigurationList = 502993C2245ED35500ABB068 /* Build configuration list for PBXNativeTarget "API Master" */;
			buildPhases = (
				502993AA245ED35000ABB068 /* Sources */,
				502993AB245ED35000ABB068 /* Frameworks */,
				502993AC245ED35000ABB068 /* Resources */,
			);
			buildRules = (
			);
			dependencies = (
			);
			name = "API Master";
			productName = "API Master";
			productReference = 502993AE245ED35000ABB068 /* API Master.app */;
			productType = "com.apple.product-type.application";
		};
/* End PBXNativeTarget section */

/* Begin PBXProject section */
		502993A6245ED35000ABB068 /* Project object */ = {
			isa = PBXProject;
			attributes = {
				LastSwiftUpdateCheck = 1130;
				LastUpgradeCheck = 1130;
				ORGANIZATIONNAME = vijay;
				TargetAttributes = {
					502993AD245ED35000ABB068 = {
						CreatedOnToolsVersion = 11.3.1;
					};
				};
			};
			buildConfigurationList = 502993A9245ED35000ABB068 /* Build configuration list for PBXProject "API Master" */;
			compatibilityVersion = "Xcode 9.3";
			developmentRegion = en;
			hasScannedForEncodings = 0;
			knownRegions = (
				en,
				Base,
			);
			mainGroup = 502993A5245ED35000ABB068;
			productRefGroup = 502993AF245ED35000ABB068 /* Products */;
			projectDirPath = "";
			projectRoot = "";
			targets = (
				502993AD245ED35000ABB068 /* API Master */,
			);
		};
/* End PBXProject section */

/* Begin PBXResourcesBuildPhase section */
		502993AC245ED35000ABB068 /* Resources */ = {
			isa = PBXResourcesBuildPhase;
			buildActionMask = 2147483647;
			files = (
				502993BE245ED35500ABB068 /* LaunchScreen.storyboard in Resources */,
				502993BB245ED35500ABB068 /* Assets.xcassets in Resources */,
				502993B9245ED35000ABB068 /* Main.storyboard in Resources */,
			);
			runOnlyForDeploymentPostprocessing = 0;
		};
/* End PBXResourcesBuildPhase section */

/* Begin PBXSourcesBuildPhase section */
		502993AA245ED35000ABB068 /* Sources */ = {
			isa = PBXSourcesBuildPhase;
			buildActionMask = 2147483647;
			files = (
				50359A8B245FF59F00F48836 /* GetModel.swift in Sources */,
				502993C9245ED37800ABB068 /* AppDelegate.swift in Sources */,
				50359A8D245FF63400F48836 /* PutModel.swift in Sources */,
				50573CC22460594800EC718E /* ServiceInteractionHandler+Extended.swift in Sources */,
				50359A89245FF59400F48836 /* PostModel.swift in Sources */,
				50359A8F245FF98B00F48836 /* DeleteModel.swift in Sources */,
				50359A80245FC8BF00F48836 /* ServiceInteractionHandler.swift in Sources */,
				504A8659245EDB65000F720B /* Toast.swift in Sources */,
				502993B6245ED35000ABB068 /* ViewController.swift in Sources */,
				50359A84245FC92B00F48836 /* ActivityIndicator.swift in Sources */,
				502993CA245ED37800ABB068 /* SceneDelegate.swift in Sources */,
				50359A82245FC8F000F48836 /* NetworkReachability.swift in Sources */,
				50359A86245FC96300F48836 /* Constants.swift in Sources */,
			);
			runOnlyForDeploymentPostprocessing = 0;
		};
/* End PBXSourcesBuildPhase section */

/* Begin PBXVariantGroup section */
		502993B7245ED35000ABB068 /* Main.storyboard */ = {
			isa = PBXVariantGroup;
			children = (
				502993B8245ED35000ABB068 /* Base */,
			);
			name = Main.storyboard;
			sourceTree = "<group>";
		};
		502993BC245ED35500ABB068 /* LaunchScreen.storyboard */ = {
			isa = PBXVariantGroup;
			children = (
				502993BD245ED35500ABB068 /* Base */,
			);
			name = LaunchScreen.storyboard;
			sourceTree = "<group>";
		};
/* End PBXVariantGroup section */

/* Begin XCBuildConfiguration section */
		502993C0245ED35500ABB068 /* Debug */ = {
			isa = XCBuildConfiguration;
			buildSettings = {
				ALWAYS_SEARCH_USER_PATHS = NO;
				CLANG_ANALYZER_NONNULL = YES;
				CLANG_ANALYZER_NUMBER_OBJECT_CONVERSION = YES_AGGRESSIVE;
				CLANG_CXX_LANGUAGE_STANDARD = "gnu++14";
				CLANG_CXX_LIBRARY = "libc++";
				CLANG_ENABLE_MODULES = YES;
				CLANG_ENABLE_OBJC_ARC = YES;
				CLANG_ENABLE_OBJC_WEAK = YES;
				CLANG_WARN_BLOCK_CAPTURE_AUTORELEASING = YES;
				CLANG_WARN_BOOL_CONVERSION = YES;
				CLANG_WARN_COMMA = YES;
				CLANG_WARN_CONSTANT_CONVERSION = YES;
				CLANG_WARN_DEPRECATED_OBJC_IMPLEMENTATIONS = YES;
				CLANG_WARN_DIRECT_OBJC_ISA_USAGE = YES_ERROR;
				CLANG_WARN_DOCUMENTATION_COMMENTS = YES;
				CLANG_WARN_EMPTY_BODY = YES;
				CLANG_WARN_ENUM_CONVERSION = YES;
				CLANG_WARN_INFINITE_RECURSION = YES;
				CLANG_WARN_INT_CONVERSION = YES;
				CLANG_WARN_NON_LITERAL_NULL_CONVERSION = YES;
				CLANG_WARN_OBJC_IMPLICIT_RETAIN_SELF = YES;
				CLANG_WARN_OBJC_LITERAL_CONVERSION = YES;
				CLANG_WARN_OBJC_ROOT_CLASS = YES_ERROR;
				CLANG_WARN_RANGE_LOOP_ANALYSIS = YES;
				CLANG_WARN_STRICT_PROTOTYPES = YES;
				CLANG_WARN_SUSPICIOUS_MOVE = YES;
				CLANG_WARN_UNGUARDED_AVAILABILITY = YES_AGGRESSIVE;
				CLANG_WARN_UNREACHABLE_CODE = YES;
				CLANG_WARN__DUPLICATE_METHOD_MATCH = YES;
				COPY_PHASE_STRIP = NO;
				DEBUG_INFORMATION_FORMAT = dwarf;
				ENABLE_STRICT_OBJC_MSGSEND = YES;
				ENABLE_TESTABILITY = YES;
				GCC_C_LANGUAGE_STANDARD = gnu11;
				GCC_DYNAMIC_NO_PIC = NO;
				GCC_NO_COMMON_BLOCKS = YES;
				GCC_OPTIMIZATION_LEVEL = 0;
				GCC_PREPROCESSOR_DEFINITIONS = (
					"DEBUG=1",
					"$(inherited)",
				);
				GCC_WARN_64_TO_32_BIT_CONVERSION = YES;
				GCC_WARN_ABOUT_RETURN_TYPE = YES_ERROR;
				GCC_WARN_UNDECLARED_SELECTOR = YES;
				GCC_WARN_UNINITIALIZED_AUTOS = YES_AGGRESSIVE;
				GCC_WARN_UNUSED_FUNCTION = YES;
				GCC_WARN_UNUSED_VARIABLE = YES;
				IPHONEOS_DEPLOYMENT_TARGET = 13.2;
				MTL_ENABLE_DEBUG_INFO = INCLUDE_SOURCE;
				MTL_FAST_MATH = YES;
				ONLY_ACTIVE_ARCH = YES;
				SDKROOT = iphoneos;
				SWIFT_ACTIVE_COMPILATION_CONDITIONS = DEBUG;
				SWIFT_OPTIMIZATION_LEVEL = "-Onone";
			};
			name = Debug;
		};
		502993C1245ED35500ABB068 /* Release */ = {
			isa = XCBuildConfiguration;
			buildSettings = {
				ALWAYS_SEARCH_USER_PATHS = NO;
				CLANG_ANALYZER_NONNULL = YES;
				CLANG_ANALYZER_NUMBER_OBJECT_CONVERSION = YES_AGGRESSIVE;
				CLANG_CXX_LANGUAGE_STANDARD = "gnu++14";
				CLANG_CXX_LIBRARY = "libc++";
				CLANG_ENABLE_MODULES = YES;
				CLANG_ENABLE_OBJC_ARC = YES;
				CLANG_ENABLE_OBJC_WEAK = YES;
				CLANG_WARN_BLOCK_CAPTURE_AUTORELEASING = YES;
				CLANG_WARN_BOOL_CONVERSION = YES;
				CLANG_WARN_COMMA = YES;
				CLANG_WARN_CONSTANT_CONVERSION = YES;
				CLANG_WARN_DEPRECATED_OBJC_IMPLEMENTATIONS = YES;
				CLANG_WARN_DIRECT_OBJC_ISA_USAGE = YES_ERROR;
				CLANG_WARN_DOCUMENTATION_COMMENTS = YES;
				CLANG_WARN_EMPTY_BODY = YES;
				CLANG_WARN_ENUM_CONVERSION = YES;
				CLANG_WARN_INFINITE_RECURSION = YES;
				CLANG_WARN_INT_CONVERSION = YES;
				CLANG_WARN_NON_LITERAL_NULL_CONVERSION = YES;
				CLANG_WARN_OBJC_IMPLICIT_RETAIN_SELF = YES;
				CLANG_WARN_OBJC_LITERAL_CONVERSION = YES;
				CLANG_WARN_OBJC_ROOT_CLASS = YES_ERROR;
				CLANG_WARN_RANGE_LOOP_ANALYSIS = YES;
				CLANG_WARN_STRICT_PROTOTYPES = YES;
				CLANG_WARN_SUSPICIOUS_MOVE = YES;
				CLANG_WARN_UNGUARDED_AVAILABILITY = YES_AGGRESSIVE;
				CLANG_WARN_UNREACHABLE_CODE = YES;
				CLANG_WARN__DUPLICATE_METHOD_MATCH = YES;
				COPY_PHASE_STRIP = NO;
				DEBUG_INFORMATION_FORMAT = "dwarf-with-dsym";
				ENABLE_NS_ASSERTIONS = NO;
				ENABLE_STRICT_OBJC_MSGSEND = YES;
				GCC_C_LANGUAGE_STANDARD = gnu11;
				GCC_NO_COMMON_BLOCKS = YES;
				GCC_WARN_64_TO_32_BIT_CONVERSION = YES;
				GCC_WARN_ABOUT_RETURN_TYPE = YES_ERROR;
				GCC_WARN_UNDECLARED_SELECTOR = YES;
				GCC_WARN_UNINITIALIZED_AUTOS = YES_AGGRESSIVE;
				GCC_WARN_UNUSED_FUNCTION = YES;
				GCC_WARN_UNUSED_VARIABLE = YES;
				IPHONEOS_DEPLOYMENT_TARGET = 13.2;
				MTL_ENABLE_DEBUG_INFO = NO;
				MTL_FAST_MATH = YES;
				SDKROOT = iphoneos;
				SWIFT_COMPILATION_MODE = wholemodule;
				SWIFT_OPTIMIZATION_LEVEL = "-O";
				VALIDATE_PRODUCT = YES;
			};
			name = Release;
		};
		502993C3245ED35500ABB068 /* Debug */ = {
			isa = XCBuildConfiguration;
			buildSettings = {
				ASSETCATALOG_COMPILER_APPICON_NAME = AppIcon;
				CODE_SIGN_STYLE = Automatic;
				DEVELOPMENT_TEAM = 7XG9VTZMR8;
				INFOPLIST_FILE = "API Master/Info.plist";
				LD_RUNPATH_SEARCH_PATHS = (
					"$(inherited)",
					"@executable_path/Frameworks",
				);
				PRODUCT_BUNDLE_IDENTIFIER = "com.vijay.API-Master";
				PRODUCT_NAME = "$(TARGET_NAME)";
				SWIFT_VERSION = 5.0;
				TARGETED_DEVICE_FAMILY = "1,2";
			};
			name = Debug;
		};
		502993C4245ED35500ABB068 /* Release */ = {
			isa = XCBuildConfiguration;
			buildSettings = {
				ASSETCATALOG_COMPILER_APPICON_NAME = AppIcon;
				CODE_SIGN_STYLE = Automatic;
				DEVELOPMENT_TEAM = 7XG9VTZMR8;
				INFOPLIST_FILE = "API Master/Info.plist";
				LD_RUNPATH_SEARCH_PATHS = (
					"$(inherited)",
					"@executable_path/Frameworks",
				);
				PRODUCT_BUNDLE_IDENTIFIER = "com.vijay.API-Master";
				PRODUCT_NAME = "$(TARGET_NAME)";
				SWIFT_VERSION = 5.0;
				TARGETED_DEVICE_FAMILY = "1,2";
			};
			name = Release;
		};
/* End XCBuildConfiguration section */

/* Begin XCConfigurationList section */
		502993A9245ED35000ABB068 /* Build configuration list for PBXProject "API Master" */ = {
			isa = XCConfigurationList;
			buildConfigurations = (
				502993C0245ED35500ABB068 /* Debug */,
				502993C1245ED35500ABB068 /* Release */,
			);
			defaultConfigurationIsVisible = 0;
			defaultConfigurationName = Release;
		};
		502993C2245ED35500ABB068 /* Build configuration list for PBXNativeTarget "API Master" */ = {
			isa = XCConfigurationList;
			buildConfigurations = (
				502993C3245ED35500ABB068 /* Debug */,
				502993C4245ED35500ABB068 /* Release */,
			);
			defaultConfigurationIsVisible = 0;
			defaultConfigurationName = Release;
		};
/* End XCConfigurationList section */
	};
	rootObject = 502993A6245ED35000ABB068 /* Project object */;
}
